<?xml version="1.0" encoding="utf-8"?>
<Project ToolsVersion="4.0" xmlns="http://schemas.microsoft.com/developer/msbuild/2003">
  <ItemGroup>
    <Filter Include="Source Files">
      <UniqueIdentifier>{4FC737F1-C7A5-4376-A066-2A32D752A2FF}</UniqueIdentifier>
      <Extensions>cpp;c;cc;cxx;def;odl;idl;hpj;bat;asm;asmx</Extensions>
    </Filter>
    <Filter Include="Header Files">
      <UniqueIdentifier>{93995380-89BD-4b04-88EB-625FBE52EBFB}</UniqueIdentifier>
      <Extensions>h;hh;hpp;hxx;hm;inl;inc;xsd</Extensions>
    </Filter>
    <Filter Include="Resource Files">
      <UniqueIdentifier>{67DA6AB6-F800-4c08-8B7A-83BB121AAD01}</UniqueIdentifier>
      <Extensions>rc;ico;cur;bmp;dlg;rc2;rct;bin;rgs;gif;jpg;jpeg;jpe;resx;tiff;tif;png;wav;mfcribbon-ms</Extensions>
    </Filter>
    <Filter Include="src">
      <UniqueIdentifier>{722584e4-a801-403f-8265-5d4e876f03ba}</UniqueIdentifier>
    </Filter>
    <Filter Include="src\window">
      <UniqueIdentifier>{76e9dcf0-19a3-4c8b-b3eb-863a94cd8f4c}</UniqueIdentifier>
    </Filter>
    <Filter Include="src\window\private">
      <UniqueIdentifier>{6e46ef89-de93-4935-a844-221db97ed63a}</UniqueIdentifier>
    </Filter>
    <Filter Include="src\window\public">
      <UniqueIdentifier>{263a2e08-105d-4fc5-8616-20a2081a155f}</UniqueIdentifier>
    </Filter>
    <Filter Include="src\util">
      <UniqueIdentifier>{dca789f5-10c2-4100-9274-f8990a5c8814}</UniqueIdentifier>
    </Filter>
    <Filter Include="src\graphics">
      <UniqueIdentifier>{af37e74b-2638-4fe8-aba9-4c908ee373b4}</UniqueIdentifier>
    </Filter>
    <Filter Include="src\graphics\public">
      <UniqueIdentifier>{5231932d-9a7e-4004-ae85-9d82dd932530}</UniqueIdentifier>
    </Filter>
    <Filter Include="src\graphics\private">
      <UniqueIdentifier>{6d3a2878-240b-4189-8b9d-66b98b39d7f8}</UniqueIdentifier>
    </Filter>
    <Filter Include="src\graphics\helper">
      <UniqueIdentifier>{03f6e428-00b0-4a7c-a4c4-2d085f026732}</UniqueIdentifier>
    </Filter>
    <Filter Include="src\options">
      <UniqueIdentifier>{9862af85-f28e-4dd3-b1f4-e6688834865a}</UniqueIdentifier>
    </Filter>
    <Filter Include="src\window\glfw">
      <UniqueIdentifier>{a3bfd5b0-d8b9-416f-84ab-f444e3ba8049}</UniqueIdentifier>
    </Filter>
    <Filter Include="src\window\glfw\private">
      <UniqueIdentifier>{f8c11af5-8e9c-44f6-b026-6299c963b557}</UniqueIdentifier>
    </Filter>
    <Filter Include="src\window\glfw\public">
      <UniqueIdentifier>{b5469bed-83e9-4287-b9d1-726c7b5bff4e}</UniqueIdentifier>
    </Filter>
    <Filter Include="src\window\win32">
      <UniqueIdentifier>{a5964250-b711-4c69-ab85-282170d444e6}</UniqueIdentifier>
    </Filter>
    <Filter Include="src\window\win32\private">
      <UniqueIdentifier>{45de71b1-f217-4e8d-8602-f46208609ee3}</UniqueIdentifier>
    </Filter>
    <Filter Include="src\window\win32\public">
      <UniqueIdentifier>{544a848a-8b41-4045-8e89-355920a1b238}</UniqueIdentifier>
    </Filter>
    <Filter Include="src\graphics\public\nf">
      <UniqueIdentifier>{3765114b-ff02-445a-a0ff-67ef86b0af24}</UniqueIdentifier>
    </Filter>
    <Filter Include="src\graphics\private\nf">
      <UniqueIdentifier>{2d9783e8-a82a-4a9a-840a-033b03f5dd06}</UniqueIdentifier>
    </Filter>
    <Filter Include="Source Files\tutorial">
      <UniqueIdentifier>{623abd02-bb55-492c-908f-5e202a4f6521}</UniqueIdentifier>
    </Filter>
    <Filter Include="Source Files\tutorial\test">
      <UniqueIdentifier>{9c9ab949-3b3d-42b4-a6bf-f194aab505ba}</UniqueIdentifier>
    </Filter>
    <Filter Include="Source Files\tutorial\test\pipelines">
      <UniqueIdentifier>{f4bb233b-6976-4432-b37f-3a5abdadef0f}</UniqueIdentifier>
    </Filter>
    <Filter Include="Source Files\tutorial\test\utils">
      <UniqueIdentifier>{f89c64c3-af5a-4d0d-90bf-11c9a9c514c2}</UniqueIdentifier>
    </Filter>
  </ItemGroup>
  <ItemGroup>
    <ClCompile Include="Main.cpp">
      <Filter>Source Files</Filter>
    </ClCompile>
    <ClCompile Include="Application.cpp">
      <Filter>src\window\private</Filter>
    </ClCompile>
    <ClCompile Include="Renderer.cpp">
      <Filter>src\graphics\private</Filter>
    </ClCompile>
    <ClCompile Include="Game.cpp">
      <Filter>src\window\private</Filter>
    </ClCompile>
    <ClCompile Include="Shared.cpp">
      <Filter>src\graphics\helper</Filter>
    </ClCompile>
    <ClCompile Include="TestScreen.cpp">
      <Filter>Source Files</Filter>
    </ClCompile>
    <ClCompile Include="Window_glfw.cpp">
      <Filter>src\window\glfw\private</Filter>
    </ClCompile>
    <ClCompile Include="Window_win32.cpp">
      <Filter>src\window\win32\private</Filter>
    </ClCompile>
    <ClCompile Include="Platform.cpp">
      <Filter>src\window\private</Filter>
    </ClCompile>
    <ClCompile Include="Window.cpp">
      <Filter>src\window\private</Filter>
    </ClCompile>
    <ClCompile Include="VulkanGraphicsPipeline.cpp">
      <Filter>src\graphics\private</Filter>
    </ClCompile>
    <ClCompile Include="VulkanRenderPass.cpp">
      <Filter>src\graphics\private</Filter>
    </ClCompile>
    <ClCompile Include="VulkanQueueFamily.cpp">
      <Filter>src\graphics\private\nf</Filter>
    </ClCompile>
    <ClCompile Include="VulkanSubPassGroup.cpp">
      <Filter>src\graphics\private</Filter>
    </ClCompile>
    <ClCompile Include="VulkanColorAttachment.cpp">
      <Filter>src\graphics\private</Filter>
    </ClCompile>
    <ClCompile Include="Utility.cpp">
      <Filter>Source Files\tutorial</Filter>
    </ClCompile>
    <ClCompile Include="VulkanSample.cpp">
      <Filter>Source Files\tutorial</Filter>
    </ClCompile>
    <ClCompile Include="AMDWindow.cpp">
      <Filter>Source Files\tutorial</Filter>
    </ClCompile>
    <ClCompile Include="PresentationSurface.cpp">
      <Filter>Source Files\tutorial</Filter>
    </ClCompile>
    <ClCompile Include="FenceGroup.cpp">
      <Filter>Source Files\tutorial\test</Filter>
    </ClCompile>
    <ClCompile Include="CommandPool.cpp">
      <Filter>Source Files\tutorial\test</Filter>
    </ClCompile>
    <ClCompile Include="CommandBufferGroup.cpp">
      <Filter>Source Files\tutorial\test</Filter>
    </ClCompile>
    <ClCompile Include="ShaderModule.cpp">
      <Filter>Source Files\tutorial\test</Filter>
    </ClCompile>
    <ClCompile Include="GraphicsPipeline.cpp">
      <Filter>Source Files\tutorial\test\pipelines</Filter>
    </ClCompile>
    <ClCompile Include="ComputePipeline.cpp">
      <Filter>Source Files\tutorial\test\pipelines</Filter>
    </ClCompile>
    <ClCompile Include="RenderSubPass.cpp">
      <Filter>Source Files\tutorial\test</Filter>
    </ClCompile>
    <ClCompile Include="RenderPass.cpp">
      <Filter>Source Files\tutorial\test</Filter>
    </ClCompile>
    <ClCompile Include="FrameBuffer.cpp">
      <Filter>Source Files\tutorial\test</Filter>
    </ClCompile>
    <ClCompile Include="AttachmentDescription.cpp">
      <Filter>Source Files\tutorial\test</Filter>
    </ClCompile>
    <ClCompile Include="PipelineColorBlendState.cpp">
      <Filter>Source Files\tutorial\test\pipelines</Filter>
    </ClCompile>
    <ClCompile Include="VulkanQuad.cpp">
      <Filter>Source Files\tutorial</Filter>
    </ClCompile>
    <ClCompile Include="PipelineRasterizationState.cpp">
      <Filter>Source Files\tutorial\test\pipelines</Filter>
    </ClCompile>
    <ClCompile Include="PipelineDepthStencilState.cpp">
      <Filter>Source Files\tutorial\test\pipelines</Filter>
    </ClCompile>
    <ClCompile Include="PipelineMultisampleState.cpp">
      <Filter>Source Files\tutorial\test\pipelines</Filter>
    </ClCompile>
    <ClCompile Include="PipelineViewportState.cpp">
      <Filter>Source Files\tutorial\test\pipelines</Filter>
    </ClCompile>
    <ClCompile Include="PipelineInputAssemblyeState.cpp">
      <Filter>Source Files\tutorial\test\pipelines</Filter>
    </ClCompile>
    <ClCompile Include="PipelineVertexInputState.cpp">
      <Filter>Source Files\tutorial\test\pipelines</Filter>
    </ClCompile>
    <ClCompile Include="VulkanDevice.cpp">
      <Filter>Source Files\tutorial\test</Filter>
    </ClCompile>
    <ClCompile Include="VulkanBuffer.cpp">
      <Filter>Source Files\tutorial\test</Filter>
    </ClCompile>
    <ClCompile Include="VulkanDeviceMemory.cpp">
      <Filter>Source Files\tutorial\test</Filter>
    </ClCompile>
    <ClCompile Include="VulkanImageView.cpp">
      <Filter>Source Files\tutorial\test</Filter>
    </ClCompile>
    <ClCompile Include="PipelineLayout.cpp">
      <Filter>Source Files\tutorial\test\pipelines</Filter>
    </ClCompile>
    <ClCompile Include="VulkanMemoryAllocateInfo.cpp">
      <Filter>Source Files\tutorial\test</Filter>
    </ClCompile>
    <ClCompile Include="VulkanQueueSubmission.cpp">
      <Filter>Source Files\tutorial\test</Filter>
    </ClCompile>
    <ClCompile Include="VulkanCommandBuffer.cpp">
      <Filter>Source Files\tutorial\test</Filter>
    </ClCompile>
    <ClCompile Include="VulkanInstance.cpp">
      <Filter>Source Files\tutorial\test</Filter>
    </ClCompile>
  </ItemGroup>
  <ItemGroup>
    <ClInclude Include="Application.h">
      <Filter>src\window\public</Filter>
    </ClInclude>
    <ClInclude Include="VulkanHelper.h">
      <Filter>src\util</Filter>
    </ClInclude>
    <ClInclude Include="Game.h">
      <Filter>src\window\public</Filter>
    </ClInclude>
    <ClInclude Include="Screen.h">
      <Filter>src\window\public</Filter>
    </ClInclude>
    <ClInclude Include="BUILD_OPTIONS.h">
      <Filter>src\options</Filter>
    </ClInclude>
    <ClInclude Include="Renderer.h">
      <Filter>src\graphics\public</Filter>
    </ClInclude>
    <ClInclude Include="Shared.h">
      <Filter>src\graphics\helper</Filter>
    </ClInclude>
    <ClInclude Include="TestScreen.h">
      <Filter>Source Files</Filter>
    </ClInclude>
    <ClInclude Include="KeyboardKeycodes_glfw.h">
      <Filter>src\window\glfw\public</Filter>
    </ClInclude>
    <ClInclude Include="KeyboardKeycodes_win32.h">
      <Filter>src\window\win32\public</Filter>
    </ClInclude>
    <ClInclude Include="PlatformHeaders_glfw.h">
      <Filter>src\window\glfw</Filter>
    </ClInclude>
    <ClInclude Include="PlatformHeaders_win32.h">
      <Filter>src\window\win32</Filter>
    </ClInclude>
    <ClInclude Include="Platform.h">
      <Filter>src\window\public</Filter>
    </ClInclude>
    <ClInclude Include="Window.h">
      <Filter>src\window\public</Filter>
    </ClInclude>
    <ClInclude Include="VulkanGraphicsPipeline.h">
      <Filter>src\graphics\public</Filter>
    </ClInclude>
    <ClInclude Include="VulkanRenderPass.h">
      <Filter>src\graphics\public</Filter>
    </ClInclude>
    <ClInclude Include="VulkanSwapChain.h">
      <Filter>src\graphics\public\nf</Filter>
    </ClInclude>
    <ClInclude Include="VulkanQueueFamily.h">
      <Filter>src\graphics\public\nf</Filter>
    </ClInclude>
    <ClInclude Include="VulkanColorAttachment.h">
      <Filter>src\graphics\public</Filter>
    </ClInclude>
    <ClInclude Include="VulkanSubPassGroup.h">
      <Filter>src\graphics\public</Filter>
    </ClInclude>
    <ClInclude Include="VulkanExampleBase.h">
      <Filter>src\graphics\public</Filter>
    </ClInclude>
    <ClInclude Include="Shaders.h">
      <Filter>Source Files\tutorial</Filter>
    </ClInclude>
    <ClInclude Include="Utility.h">
      <Filter>Source Files\tutorial</Filter>
    </ClInclude>
    <ClInclude Include="VulkanQuad.h">
      <Filter>Source Files\tutorial</Filter>
    </ClInclude>
    <ClInclude Include="VulkanSample.h">
      <Filter>Source Files\tutorial</Filter>
    </ClInclude>
    <ClInclude Include="AMDWindow.h">
      <Filter>Source Files\tutorial</Filter>
    </ClInclude>
    <ClInclude Include="FenceGroup.h">
      <Filter>Source Files\tutorial\test</Filter>
    </ClInclude>
    <ClInclude Include="CommandPool.h">
      <Filter>Source Files\tutorial\test</Filter>
    </ClInclude>
    <ClInclude Include="CommandBufferGroup.h">
      <Filter>Source Files\tutorial\test</Filter>
    </ClInclude>
    <ClInclude Include="ShaderModule.h">
      <Filter>Source Files\tutorial\test</Filter>
    </ClInclude>
    <ClInclude Include="GraphicsPipeline.h">
      <Filter>Source Files\tutorial\test\pipelines</Filter>
    </ClInclude>
    <ClInclude Include="ComputePipeline.h">
      <Filter>Source Files\tutorial\test\pipelines</Filter>
    </ClInclude>
    <ClInclude Include="RenderSubPass.h">
      <Filter>Source Files\tutorial\test</Filter>
    </ClInclude>
    <ClInclude Include="RenderPass.h">
      <Filter>Source Files\tutorial\test</Filter>
    </ClInclude>
    <ClInclude Include="FrameBuffer.h">
      <Filter>Source Files\tutorial\test</Filter>
    </ClInclude>
    <ClInclude Include="AttachmentDescription.h">
      <Filter>Source Files\tutorial\test</Filter>
    </ClInclude>
    <ClInclude Include="PipelineColorBlendState.h">
      <Filter>Source Files\tutorial\test\pipelines</Filter>
    </ClInclude>
    <ClInclude Include="PipelineRasterizationState.h">
      <Filter>Source Files\tutorial\test\pipelines</Filter>
    </ClInclude>
    <ClInclude Include="PipelineDepthStencilState.h">
      <Filter>Source Files\tutorial\test\pipelines</Filter>
    </ClInclude>
    <ClInclude Include="PipelineMultisampleState.h">
      <Filter>Source Files\tutorial\test\pipelines</Filter>
    </ClInclude>
    <ClInclude Include="PipelineViewportState.h">
      <Filter>Source Files\tutorial\test\pipelines</Filter>
    </ClInclude>
    <ClInclude Include="PipelineInputAssemblyState.h">
      <Filter>Source Files\tutorial\test\pipelines</Filter>
    </ClInclude>
    <ClInclude Include="PipelineVertexInputState.h">
      <Filter>Source Files\tutorial\test\pipelines</Filter>
    </ClInclude>
    <ClInclude Include="Camera.hpp">
      <Filter>Source Files\tutorial\test\utils</Filter>
    </ClInclude>
    <ClInclude Include="VulkanDevice.h">
      <Filter>Source Files\tutorial\test</Filter>
    </ClInclude>
    <ClInclude Include="VulkanBuffer.h">
      <Filter>Source Files\tutorial\test</Filter>
    </ClInclude>
    <ClInclude Include="VulkanDeviceMemory.h">
      <Filter>Source Files\tutorial\test</Filter>
    </ClInclude>
    <ClInclude Include="VulkanImageView.h">
      <Filter>Source Files\tutorial\test</Filter>
    </ClInclude>
    <ClInclude Include="PipelineLayout.h">
      <Filter>Source Files\tutorial\test\pipelines</Filter>
    </ClInclude>
    <ClInclude Include="VulkanMemoryAllocateInfo.h">
      <Filter>Source Files\tutorial\test</Filter>
    </ClInclude>
    <ClInclude Include="VulkanQueueSubmission.h">
      <Filter>Source Files\tutorial\test</Filter>
    </ClInclude>
    <ClInclude Include="VulkanCommandBuffer.h">
      <Filter>Source Files\tutorial\test</Filter>
    </ClInclude>
    <ClInclude Include="VulkanInstance.h">
      <Filter>Source Files\tutorial\test</Filter>
    </ClInclude>
  </ItemGroup>
  <ItemGroup>
    <None Include="Triangle.vert">
      <Filter>Resource Files</Filter>
    </None>
    <None Include="Triangle.frag">
      <Filter>Resource Files</Filter>
    </None>
    <None Include="tri.vert">
      <Filter>Source Files\tutorial</Filter>
    </None>
    <None Include="tri.frag">
      <Filter>Source Files\tutorial</Filter>
    </None>
  </ItemGroup>
</Project>