<?xml version="1.0" encoding="utf-8"?>
<Project ToolsVersion="4.0" xmlns="http://schemas.microsoft.com/developer/msbuild/2003">
  <ItemGroup>
    <Filter Include="Source Files">
      <UniqueIdentifier>{4FC737F1-C7A5-4376-A066-2A32D752A2FF}</UniqueIdentifier>
      <Extensions>cpp;c;cc;cxx;def;odl;idl;hpj;bat;asm;asmx</Extensions>
    </Filter>
    <Filter Include="Header Files">
      <UniqueIdentifier>{93995380-89BD-4b04-88EB-625FBE52EBFB}</UniqueIdentifier>
      <Extensions>h;hh;hpp;hxx;hm;inl;inc;xsd</Extensions>
    </Filter>
    <Filter Include="Resource Files">
      <UniqueIdentifier>{67DA6AB6-F800-4c08-8B7A-83BB121AAD01}</UniqueIdentifier>
      <Extensions>rc;ico;cur;bmp;dlg;rc2;rct;bin;rgs;gif;jpg;jpeg;jpe;resx;tiff;tif;png;wav;mfcribbon-ms</Extensions>
    </Filter>
    <Filter Include="Resource Files\textures">
      <UniqueIdentifier>{a7434bef-496e-4821-ac00-c5df4e4552c2}</UniqueIdentifier>
    </Filter>
    <Filter Include="Source Files\framework">
      <UniqueIdentifier>{d2569348-7a1f-4fe9-86cb-ca05bb63e98b}</UniqueIdentifier>
    </Filter>
    <Filter Include="Source Files\framework\math">
      <UniqueIdentifier>{88df3c8b-15cc-4539-a32d-bbfff49da468}</UniqueIdentifier>
    </Filter>
    <Filter Include="Source Files\framework\math\signedDistance">
      <UniqueIdentifier>{0b27985f-feef-4507-8512-d097e2e1a129}</UniqueIdentifier>
    </Filter>
    <Filter Include="Source Files\framework\graphics">
      <UniqueIdentifier>{ba3c4b6b-2e46-4459-ad41-2d5f8e75df3f}</UniqueIdentifier>
    </Filter>
    <Filter Include="Source Files\framework\graphics\public">
      <UniqueIdentifier>{6b3830f9-8320-4918-812d-64a1010e070a}</UniqueIdentifier>
    </Filter>
    <Filter Include="Source Files\framework\graphics\private">
      <UniqueIdentifier>{c2d97435-a5e3-4c52-86dd-5a80e6636792}</UniqueIdentifier>
    </Filter>
    <Filter Include="Source Files\framework\util">
      <UniqueIdentifier>{dca789f5-10c2-4100-9274-f8990a5c8814}</UniqueIdentifier>
    </Filter>
    <Filter Include="Source Files\framework\vulkan">
      <UniqueIdentifier>{af37e74b-2638-4fe8-aba9-4c908ee373b4}</UniqueIdentifier>
    </Filter>
    <Filter Include="Source Files\framework\vulkan\base">
      <UniqueIdentifier>{87cf759e-a69f-4588-980e-2d6444414427}</UniqueIdentifier>
    </Filter>
    <Filter Include="Source Files\framework\vulkan\base\devices">
      <UniqueIdentifier>{7c53e58a-0bab-43bc-8b4d-983dab4856cc}</UniqueIdentifier>
    </Filter>
    <Filter Include="Source Files\framework\vulkan\base\devices\public">
      <UniqueIdentifier>{efc1a5ba-90c8-414f-89cb-681f2beebccb}</UniqueIdentifier>
    </Filter>
    <Filter Include="Source Files\framework\vulkan\base\devices\private">
      <UniqueIdentifier>{31240a0b-5f68-47a6-9f12-b241d3d7434b}</UniqueIdentifier>
    </Filter>
    <Filter Include="Source Files\framework\vulkan\base\helper">
      <UniqueIdentifier>{03f6e428-00b0-4a7c-a4c4-2d085f026732}</UniqueIdentifier>
    </Filter>
    <Filter Include="Source Files\framework\vulkan\base\pipelines">
      <UniqueIdentifier>{f4bb233b-6976-4432-b37f-3a5abdadef0f}</UniqueIdentifier>
    </Filter>
    <Filter Include="Source Files\framework\vulkan\base\pipelines\public">
      <UniqueIdentifier>{5c3aca6a-5210-4b1b-b144-4cd382e0479b}</UniqueIdentifier>
    </Filter>
    <Filter Include="Source Files\framework\vulkan\base\pipelines\private">
      <UniqueIdentifier>{ee9797e1-9e74-4b28-ad27-dd58788dae51}</UniqueIdentifier>
    </Filter>
    <Filter Include="Source Files\framework\vulkan\base\private">
      <UniqueIdentifier>{6d3a2878-240b-4189-8b9d-66b98b39d7f8}</UniqueIdentifier>
    </Filter>
    <Filter Include="Source Files\framework\vulkan\base\public">
      <UniqueIdentifier>{5231932d-9a7e-4004-ae85-9d82dd932530}</UniqueIdentifier>
    </Filter>
    <Filter Include="Source Files\framework\vulkan\base\synchronization">
      <UniqueIdentifier>{b02e150c-9b4c-42c6-945f-b39eb5cf1fb8}</UniqueIdentifier>
    </Filter>
    <Filter Include="Source Files\framework\vulkan\base\synchronization\public">
      <UniqueIdentifier>{968e7914-479a-4d7b-a55b-121c475d3ecd}</UniqueIdentifier>
    </Filter>
    <Filter Include="Source Files\framework\vulkan\base\synchronization\private">
      <UniqueIdentifier>{63eae3a1-bd7a-4f86-958a-b3bb5d7ab695}</UniqueIdentifier>
    </Filter>
    <Filter Include="Source Files\framework\vulkan\base\uniformBuffers">
      <UniqueIdentifier>{3cbd258f-ccf5-4153-80be-b589add78c2f}</UniqueIdentifier>
    </Filter>
    <Filter Include="Source Files\framework\vulkan\base\uniformBuffers\public">
      <UniqueIdentifier>{028c0a5a-2845-47a0-b2eb-171198546aea}</UniqueIdentifier>
    </Filter>
    <Filter Include="Source Files\framework\vulkan\base\uniformBuffers\private">
      <UniqueIdentifier>{3e1cedc1-a323-4b7c-8027-804defb7fad4}</UniqueIdentifier>
    </Filter>
    <Filter Include="Source Files\framework\vulkan\base\images">
      <UniqueIdentifier>{bf48f5ca-dc8c-4892-aeb1-800b077fccb4}</UniqueIdentifier>
    </Filter>
    <Filter Include="Source Files\framework\vulkan\base\images\public">
      <UniqueIdentifier>{c8ac105c-8c13-4b8c-85ec-688622eb1bb1}</UniqueIdentifier>
    </Filter>
    <Filter Include="Source Files\framework\vulkan\base\images\private">
      <UniqueIdentifier>{8268b826-8f28-46aa-bc94-356ceb155b60}</UniqueIdentifier>
    </Filter>
    <Filter Include="Source Files\framework\window">
      <UniqueIdentifier>{76e9dcf0-19a3-4c8b-b3eb-863a94cd8f4c}</UniqueIdentifier>
    </Filter>
    <Filter Include="Source Files\framework\window\platforms">
      <UniqueIdentifier>{193d0feb-daaf-4384-b213-7c9cdd12426d}</UniqueIdentifier>
    </Filter>
    <Filter Include="Source Files\framework\window\platforms\win32">
      <UniqueIdentifier>{a5964250-b711-4c69-ab85-282170d444e6}</UniqueIdentifier>
    </Filter>
    <Filter Include="Source Files\framework\window\platforms\win32\private">
      <UniqueIdentifier>{45de71b1-f217-4e8d-8602-f46208609ee3}</UniqueIdentifier>
    </Filter>
    <Filter Include="Source Files\framework\window\platforms\win32\public">
      <UniqueIdentifier>{544a848a-8b41-4045-8e89-355920a1b238}</UniqueIdentifier>
    </Filter>
    <Filter Include="Source Files\framework\window\platforms\glfw">
      <UniqueIdentifier>{a3bfd5b0-d8b9-416f-84ab-f444e3ba8049}</UniqueIdentifier>
    </Filter>
    <Filter Include="Source Files\framework\window\platforms\glfw\private">
      <UniqueIdentifier>{f8c11af5-8e9c-44f6-b026-6299c963b557}</UniqueIdentifier>
    </Filter>
    <Filter Include="Source Files\framework\window\platforms\glfw\public">
      <UniqueIdentifier>{b5469bed-83e9-4287-b9d1-726c7b5bff4e}</UniqueIdentifier>
    </Filter>
    <Filter Include="Source Files\framework\window\platforms\public">
      <UniqueIdentifier>{10f7de08-2f7e-4ed2-96bb-e5da36fb202b}</UniqueIdentifier>
    </Filter>
    <Filter Include="Source Files\framework\window\platforms\private">
      <UniqueIdentifier>{ae0879fd-f54e-402d-9ade-144582fa8a29}</UniqueIdentifier>
    </Filter>
    <Filter Include="Source Files\framework\window\public">
      <UniqueIdentifier>{d9d7a36e-4668-435b-9678-ec413571b066}</UniqueIdentifier>
    </Filter>
    <Filter Include="Source Files\framework\window\private">
      <UniqueIdentifier>{c890e3be-2094-4d0a-a5e0-e0f8fa7edba3}</UniqueIdentifier>
    </Filter>
    <Filter Include="Source Files\framework\window\callbacks">
      <UniqueIdentifier>{58ba7d41-36f5-4dcb-ac39-570c254cdbee}</UniqueIdentifier>
    </Filter>
    <Filter Include="Source Files\framework\window\callbacks\public">
      <UniqueIdentifier>{92e1437b-e292-4015-9fe0-e7e10d3a2e02}</UniqueIdentifier>
    </Filter>
    <Filter Include="Source Files\framework\window\callbacks\private">
      <UniqueIdentifier>{c94a5780-eaa1-400f-8223-00746e41afe1}</UniqueIdentifier>
    </Filter>
    <Filter Include="Source Files\game">
      <UniqueIdentifier>{02ea8159-e795-4367-95c4-e8b26e36bdb5}</UniqueIdentifier>
    </Filter>
    <Filter Include="Source Files\options">
      <UniqueIdentifier>{b2a1cb65-e661-4ced-8c3d-22271ef339da}</UniqueIdentifier>
    </Filter>
    <Filter Include="Source Files\framework\graphics\mesh">
      <UniqueIdentifier>{0ff98f1b-cb3c-47c6-af14-35d5258eb89f}</UniqueIdentifier>
    </Filter>
    <Filter Include="Source Files\framework\graphics\mesh\public">
      <UniqueIdentifier>{f9315a72-6581-481e-afb8-b38de7e99970}</UniqueIdentifier>
    </Filter>
    <Filter Include="Source Files\framework\graphics\mesh\private">
      <UniqueIdentifier>{63a9eb26-266c-4099-b9e8-7d09247b6b14}</UniqueIdentifier>
    </Filter>
  </ItemGroup>
  <ItemGroup>
    <ClCompile Include="Shared.cpp">
      <Filter>Source Files\framework\vulkan\base\helper</Filter>
    </ClCompile>
    <ClCompile Include="Platform.cpp">
      <Filter>Source Files\framework\window\platforms\private</Filter>
    </ClCompile>
    <ClCompile Include="ComputePipeline.cpp">
      <Filter>Source Files\framework\vulkan\base\pipelines\private</Filter>
    </ClCompile>
    <ClCompile Include="GraphicsPipeline.cpp">
      <Filter>Source Files\framework\vulkan\base\pipelines\private</Filter>
    </ClCompile>
    <ClCompile Include="PipelineColorBlendState.cpp">
      <Filter>Source Files\framework\vulkan\base\pipelines\private</Filter>
    </ClCompile>
    <ClCompile Include="PipelineDepthStencilState.cpp">
      <Filter>Source Files\framework\vulkan\base\pipelines\private</Filter>
    </ClCompile>
    <ClCompile Include="PipelineInputAssemblyeState.cpp">
      <Filter>Source Files\framework\vulkan\base\pipelines\private</Filter>
    </ClCompile>
    <ClCompile Include="PipelineLayout.cpp">
      <Filter>Source Files\framework\vulkan\base\pipelines\private</Filter>
    </ClCompile>
    <ClCompile Include="PipelineMultisampleState.cpp">
      <Filter>Source Files\framework\vulkan\base\pipelines\private</Filter>
    </ClCompile>
    <ClCompile Include="PipelineRasterizationState.cpp">
      <Filter>Source Files\framework\vulkan\base\pipelines\private</Filter>
    </ClCompile>
    <ClCompile Include="PipelineVertexInputState.cpp">
      <Filter>Source Files\framework\vulkan\base\pipelines\private</Filter>
    </ClCompile>
    <ClCompile Include="PipelineViewportState.cpp">
      <Filter>Source Files\framework\vulkan\base\pipelines\private</Filter>
    </ClCompile>
    <ClCompile Include="VulkanQueueSubmission.cpp">
      <Filter>Source Files\framework\vulkan\base\private</Filter>
    </ClCompile>
    <ClCompile Include="VulkanAttachmentDescription.cpp">
      <Filter>Source Files\framework\vulkan\base\private</Filter>
    </ClCompile>
    <ClCompile Include="VulkanCommandBufferGroup.cpp">
      <Filter>Source Files\framework\vulkan\base\private</Filter>
    </ClCompile>
    <ClCompile Include="VulkanCommandPool.cpp">
      <Filter>Source Files\framework\vulkan\base\private</Filter>
    </ClCompile>
    <ClCompile Include="VulkanFrameBuffer.cpp">
      <Filter>Source Files\framework\vulkan\base\private</Filter>
    </ClCompile>
    <ClCompile Include="VulkanRenderPass.cpp">
      <Filter>Source Files\framework\vulkan\base\private</Filter>
    </ClCompile>
    <ClCompile Include="VulkanRenderSubPass.cpp">
      <Filter>Source Files\framework\vulkan\base\private</Filter>
    </ClCompile>
    <ClCompile Include="VulkanShaderModule.cpp">
      <Filter>Source Files\framework\vulkan\base\private</Filter>
    </ClCompile>
    <ClCompile Include="VulkanCommandBuffer.cpp">
      <Filter>Source Files\framework\vulkan\base\private</Filter>
    </ClCompile>
    <ClCompile Include="VulkanInstance.cpp">
      <Filter>Source Files\framework\vulkan\base\private</Filter>
    </ClCompile>
    <ClCompile Include="VulkanMemoryAllocateInfo.cpp">
      <Filter>Source Files\framework\vulkan\base\private</Filter>
    </ClCompile>
    <ClCompile Include="VulkanSwapchain.cpp">
      <Filter>Source Files\framework\vulkan\base\private</Filter>
    </ClCompile>
    <ClCompile Include="VulkanSwapchainImages.cpp">
      <Filter>Source Files\framework\vulkan\base\private</Filter>
    </ClCompile>
    <ClCompile Include="VulkanPresentationSurface.cpp">
      <Filter>Source Files\framework\vulkan\base\private</Filter>
    </ClCompile>
    <ClCompile Include="Utility.cpp">
      <Filter>Source Files\framework\util</Filter>
    </ClCompile>
    <ClCompile Include="VulkanDevice.cpp">
      <Filter>Source Files\framework\vulkan\base\devices\private</Filter>
    </ClCompile>
    <ClCompile Include="VulkanDeviceMemory.cpp">
      <Filter>Source Files\framework\vulkan\base\devices\private</Filter>
    </ClCompile>
    <ClCompile Include="VulkanEnumeratedPhysicalDevices.cpp">
      <Filter>Source Files\framework\vulkan\base\devices\private</Filter>
    </ClCompile>
    <ClCompile Include="VulkanPhysicalDevice.cpp">
      <Filter>Source Files\framework\vulkan\base\devices\private</Filter>
    </ClCompile>
    <ClCompile Include="Window.cpp">
      <Filter>Source Files\framework\window\private</Filter>
    </ClCompile>
    <ClCompile Include="Window_win32.cpp">
      <Filter>Source Files\framework\window\platforms\win32\private</Filter>
    </ClCompile>
    <ClCompile Include="Window_glfw.cpp">
      <Filter>Source Files\framework\window\platforms\glfw\private</Filter>
    </ClCompile>
    <ClCompile Include="VulkanSemaphore.cpp">
      <Filter>Source Files\framework\vulkan\base\synchronization\private</Filter>
    </ClCompile>
    <ClCompile Include="VulkanFenceGroup.cpp">
      <Filter>Source Files\framework\vulkan\base\synchronization\private</Filter>
    </ClCompile>
    <ClCompile Include="VulkanDescriptorSetLayout.cpp">
      <Filter>Source Files\framework\vulkan\base\uniformBuffers\private</Filter>
    </ClCompile>
    <ClCompile Include="VulkanDescriptorPool.cpp">
      <Filter>Source Files\framework\vulkan\base\uniformBuffers\private</Filter>
    </ClCompile>
    <ClCompile Include="VulkanStagedBuffer.cpp">
      <Filter>Source Files\framework\vulkan\base\uniformBuffers\private</Filter>
    </ClCompile>
    <ClCompile Include="VulkanDescriptorSet.cpp">
      <Filter>Source Files\framework\vulkan\base\uniformBuffers\private</Filter>
    </ClCompile>
    <ClCompile Include="SDCircle.cpp">
      <Filter>Source Files\framework\math\signedDistance</Filter>
    </ClCompile>
    <ClCompile Include="Application.cpp">
      <Filter>Source Files\framework\window\private</Filter>
    </ClCompile>
    <ClCompile Include="Game.cpp">
      <Filter>Source Files\framework\window\private</Filter>
    </ClCompile>
    <ClCompile Include="Screen.cpp">
      <Filter>Source Files\framework\window\private</Filter>
    </ClCompile>
    <ClCompile Include="TestScreen.cpp">
      <Filter>Source Files\game</Filter>
    </ClCompile>
    <ClCompile Include="Player.cpp">
      <Filter>Source Files\game</Filter>
    </ClCompile>
    <ClCompile Include="Camera.cpp">
      <Filter>Source Files\framework\graphics\private</Filter>
    </ClCompile>
    <ClCompile Include="KeyboardCallback.cpp">
      <Filter>Source Files\framework\window\callbacks\private</Filter>
    </ClCompile>
    <ClCompile Include="MouseMoveCallback.cpp">
      <Filter>Source Files\framework\window\callbacks\private</Filter>
    </ClCompile>
    <ClCompile Include="MouseClickCallback.cpp">
      <Filter>Source Files\framework\window\callbacks\private</Filter>
    </ClCompile>
    <ClCompile Include="TextureLoader.cpp">
      <Filter>Source Files\framework\util</Filter>
    </ClCompile>
    <ClCompile Include="VulkanBuffer.cpp">
      <Filter>Source Files\framework\vulkan\base\uniformBuffers\private</Filter>
    </ClCompile>
    <ClCompile Include="VulkanImageMemoryBarrier.cpp">
      <Filter>Source Files\framework\vulkan\base\synchronization\private</Filter>
    </ClCompile>
    <ClCompile Include="VulkanDescriptorImageInfo.cpp">
      <Filter>Source Files\framework\vulkan\base\images\private</Filter>
    </ClCompile>
    <ClCompile Include="VulkanImage.cpp">
      <Filter>Source Files\framework\vulkan\base\images\private</Filter>
    </ClCompile>
    <ClCompile Include="VulkanImageView.cpp">
      <Filter>Source Files\framework\vulkan\base\images\private</Filter>
    </ClCompile>
    <ClCompile Include="VulkanSampler.cpp">
      <Filter>Source Files\framework\vulkan\base\images\private</Filter>
    </ClCompile>
    <ClCompile Include="VulkanImageSubResourceRange.cpp">
      <Filter>Source Files\framework\vulkan\base\images\private</Filter>
    </ClCompile>
    <ClCompile Include="VulkanImage2D.cpp">
      <Filter>Source Files\framework\vulkan\base\images\private</Filter>
    </ClCompile>
    <ClCompile Include="VertexPos3Col3Tex2.cpp">
      <Filter>Source Files\framework\graphics\private</Filter>
    </ClCompile>
    <ClCompile Include="BasicVertexPipeline.cpp">
      <Filter>Source Files\game</Filter>
    </ClCompile>
    <ClCompile Include="Main.cpp">
      <Filter>Source Files</Filter>
    </ClCompile>
    <ClCompile Include="VulkanTexture2D.cpp">
      <Filter>Source Files\framework\vulkan\base\images\private</Filter>
    </ClCompile>
    <ClCompile Include="MeshBuilder.cpp">
      <Filter>Source Files\framework\graphics\mesh\private</Filter>
    </ClCompile>
    <ClCompile Include="Mesh.cpp">
      <Filter>Source Files\framework\graphics\mesh\private</Filter>
    </ClCompile>
    <ClCompile Include="VertexAttribute.cpp">
      <Filter>Source Files\framework\graphics\mesh\public</Filter>
    </ClCompile>
  </ItemGroup>
  <ItemGroup>
    <ClInclude Include="Shared.h">
      <Filter>Source Files\framework\vulkan\base\helper</Filter>
    </ClInclude>
    <ClInclude Include="PlatformHeaders_glfw.h">
      <Filter>Source Files\framework\window\platforms\glfw</Filter>
    </ClInclude>
    <ClInclude Include="PlatformHeaders_win32.h">
      <Filter>Source Files\framework\window\platforms\win32</Filter>
    </ClInclude>
    <ClInclude Include="Platform.h">
      <Filter>Source Files\framework\window\platforms\public</Filter>
    </ClInclude>
    <ClInclude Include="PipelineViewportState.h">
      <Filter>Source Files\framework\vulkan\base\pipelines\public</Filter>
    </ClInclude>
    <ClInclude Include="PipelineVertexInputState.h">
      <Filter>Source Files\framework\vulkan\base\pipelines\public</Filter>
    </ClInclude>
    <ClInclude Include="PipelineRasterizationState.h">
      <Filter>Source Files\framework\vulkan\base\pipelines\public</Filter>
    </ClInclude>
    <ClInclude Include="PipelineMultisampleState.h">
      <Filter>Source Files\framework\vulkan\base\pipelines\public</Filter>
    </ClInclude>
    <ClInclude Include="PipelineLayout.h">
      <Filter>Source Files\framework\vulkan\base\pipelines\public</Filter>
    </ClInclude>
    <ClInclude Include="PipelineInputAssemblyState.h">
      <Filter>Source Files\framework\vulkan\base\pipelines\public</Filter>
    </ClInclude>
    <ClInclude Include="PipelineDepthStencilState.h">
      <Filter>Source Files\framework\vulkan\base\pipelines\public</Filter>
    </ClInclude>
    <ClInclude Include="PipelineColorBlendState.h">
      <Filter>Source Files\framework\vulkan\base\pipelines\public</Filter>
    </ClInclude>
    <ClInclude Include="GraphicsPipeline.h">
      <Filter>Source Files\framework\vulkan\base\pipelines\public</Filter>
    </ClInclude>
    <ClInclude Include="ComputePipeline.h">
      <Filter>Source Files\framework\vulkan\base\pipelines\public</Filter>
    </ClInclude>
    <ClInclude Include="VulkanQueueSubmission.h">
      <Filter>Source Files\framework\vulkan\base\public</Filter>
    </ClInclude>
    <ClInclude Include="VulkanMemoryAllocateInfo.h">
      <Filter>Source Files\framework\vulkan\base\public</Filter>
    </ClInclude>
    <ClInclude Include="VulkanInstance.h">
      <Filter>Source Files\framework\vulkan\base\public</Filter>
    </ClInclude>
    <ClInclude Include="VulkanCommandBuffer.h">
      <Filter>Source Files\framework\vulkan\base\public</Filter>
    </ClInclude>
    <ClInclude Include="VulkanShaderModule.h">
      <Filter>Source Files\framework\vulkan\base\public</Filter>
    </ClInclude>
    <ClInclude Include="VulkanRenderSubPass.h">
      <Filter>Source Files\framework\vulkan\base\public</Filter>
    </ClInclude>
    <ClInclude Include="VulkanRenderPass.h">
      <Filter>Source Files\framework\vulkan\base\public</Filter>
    </ClInclude>
    <ClInclude Include="VulkanFrameBuffer.h">
      <Filter>Source Files\framework\vulkan\base\public</Filter>
    </ClInclude>
    <ClInclude Include="VulkanCommandPool.h">
      <Filter>Source Files\framework\vulkan\base\public</Filter>
    </ClInclude>
    <ClInclude Include="VulkanCommandBufferGroup.h">
      <Filter>Source Files\framework\vulkan\base\public</Filter>
    </ClInclude>
    <ClInclude Include="VulkanAttachmentDescription.h">
      <Filter>Source Files\framework\vulkan\base\public</Filter>
    </ClInclude>
    <ClInclude Include="VulkanSwapchainImages.h">
      <Filter>Source Files\framework\vulkan\base\public</Filter>
    </ClInclude>
    <ClInclude Include="VulkanSwapChain.h">
      <Filter>Source Files\framework\vulkan\base\public</Filter>
    </ClInclude>
    <ClInclude Include="VulkanPresentationSurface.h">
      <Filter>Source Files\framework\vulkan\base\public</Filter>
    </ClInclude>
    <ClInclude Include="Utility.h">
      <Filter>Source Files\framework\util</Filter>
    </ClInclude>
    <ClInclude Include="VulkanEnumeratedPhysicalDevices.h">
      <Filter>Source Files\framework\vulkan\base\devices\public</Filter>
    </ClInclude>
    <ClInclude Include="VulkanDeviceMemory.h">
      <Filter>Source Files\framework\vulkan\base\devices\public</Filter>
    </ClInclude>
    <ClInclude Include="VulkanDevice.h">
      <Filter>Source Files\framework\vulkan\base\devices\public</Filter>
    </ClInclude>
    <ClInclude Include="VulkanPhysicalDevice.h">
      <Filter>Source Files\framework\vulkan\base\devices\public</Filter>
    </ClInclude>
    <ClInclude Include="Window.h">
      <Filter>Source Files\framework\window\public</Filter>
    </ClInclude>
    <ClInclude Include="VulkanSemaphore.h">
      <Filter>Source Files\framework\vulkan\base\synchronization\public</Filter>
    </ClInclude>
    <ClInclude Include="VulkanFenceGroup.h">
      <Filter>Source Files\framework\vulkan\base\synchronization\public</Filter>
    </ClInclude>
    <ClInclude Include="VulkanDescriptorSetLayout.h">
      <Filter>Source Files\framework\vulkan\base\uniformBuffers\public</Filter>
    </ClInclude>
    <ClInclude Include="VulkanDescriptorPool.h">
      <Filter>Source Files\framework\vulkan\base\uniformBuffers\public</Filter>
    </ClInclude>
    <ClInclude Include="FileUtil.hpp">
      <Filter>Source Files\framework\util</Filter>
    </ClInclude>
    <ClInclude Include="VulkanStagedBuffer.h">
      <Filter>Source Files\framework\vulkan\base\uniformBuffers\public</Filter>
    </ClInclude>
    <ClInclude Include="VulkanDescriptorSet.h">
      <Filter>Source Files\framework\vulkan\base\uniformBuffers\public</Filter>
    </ClInclude>
    <ClInclude Include="Morton64.hpp">
      <Filter>Source Files\framework\math</Filter>
    </ClInclude>
    <ClInclude Include="Morton30.hpp">
      <Filter>Source Files\framework\math</Filter>
    </ClInclude>
    <ClInclude Include="SDCircle.h">
      <Filter>Source Files\framework\math\signedDistance</Filter>
    </ClInclude>
    <ClInclude Include="BUILD_OPTIONS.h">
      <Filter>Source Files\options</Filter>
    </ClInclude>
    <ClInclude Include="Application.h">
      <Filter>Source Files\framework\window\public</Filter>
    </ClInclude>
    <ClInclude Include="Game.h">
      <Filter>Source Files\framework\window\public</Filter>
    </ClInclude>
    <ClInclude Include="Screen.h">
      <Filter>Source Files\framework\window\public</Filter>
    </ClInclude>
    <ClInclude Include="TestScreen.h">
      <Filter>Source Files\game</Filter>
    </ClInclude>
    <ClInclude Include="Player.h">
      <Filter>Source Files\game</Filter>
    </ClInclude>
    <ClInclude Include="Camera.h">
      <Filter>Source Files\framework\graphics\public</Filter>
    </ClInclude>
    <ClInclude Include="MouseMoveListener.h">
      <Filter>Source Files\framework\window\callbacks\public</Filter>
    </ClInclude>
    <ClInclude Include="KeyboardCallback.h">
      <Filter>Source Files\framework\window\callbacks\public</Filter>
    </ClInclude>
    <ClInclude Include="KeyboardKeycodes.h">
      <Filter>Source Files\framework\window\callbacks\public</Filter>
    </ClInclude>
    <ClInclude Include="KeyboardListener.h">
      <Filter>Source Files\framework\window\callbacks\public</Filter>
    </ClInclude>
    <ClInclude Include="MouseMoveCallback.h">
      <Filter>Source Files\framework\window\callbacks\public</Filter>
    </ClInclude>
    <ClInclude Include="MouseClickListener.h">
      <Filter>Source Files\framework\window\callbacks\public</Filter>
    </ClInclude>
    <ClInclude Include="MouseCodes.h">
      <Filter>Source Files\framework\window\callbacks\public</Filter>
    </ClInclude>
    <ClInclude Include="MouseClickCallback.h">
      <Filter>Source Files\framework\window\callbacks\public</Filter>
    </ClInclude>
    <ClInclude Include="TextureLoader.h">
      <Filter>Source Files\framework\util</Filter>
    </ClInclude>
    <ClInclude Include="VulkanBuffer.h">
      <Filter>Source Files\framework\vulkan\base\uniformBuffers\public</Filter>
    </ClInclude>
    <ClInclude Include="VulkanImageMemoryBarrier.h">
      <Filter>Source Files\framework\vulkan\base\synchronization\public</Filter>
    </ClInclude>
    <ClInclude Include="VulkanDescriptorImageInfo.h">
      <Filter>Source Files\framework\vulkan\base\images\public</Filter>
    </ClInclude>
    <ClInclude Include="VulkanImage.h">
      <Filter>Source Files\framework\vulkan\base\images\public</Filter>
    </ClInclude>
    <ClInclude Include="VulkanImageView.h">
      <Filter>Source Files\framework\vulkan\base\images\public</Filter>
    </ClInclude>
    <ClInclude Include="VulkanSampler.h">
      <Filter>Source Files\framework\vulkan\base\images\public</Filter>
    </ClInclude>
    <ClInclude Include="VulkanImageSubResourceRange.h">
      <Filter>Source Files\framework\vulkan\base\images\public</Filter>
    </ClInclude>
    <ClInclude Include="VulkanImage2D.h">
      <Filter>Source Files\framework\vulkan\base\images\public</Filter>
    </ClInclude>
    <ClInclude Include="VertexPos3Col3Tex2.h">
      <Filter>Source Files\framework\graphics\public</Filter>
    </ClInclude>
    <ClInclude Include="BasicVertexPipeline.h">
      <Filter>Source Files\game</Filter>
    </ClInclude>
    <ClInclude Include="VulkanTexture2D.h">
      <Filter>Source Files\framework\vulkan\base\images\public</Filter>
    </ClInclude>
    <ClInclude Include="VertexAttribute.h">
      <Filter>Source Files\framework\graphics\mesh\public</Filter>
    </ClInclude>
    <ClInclude Include="MeshBuilder.h">
      <Filter>Source Files\framework\graphics\mesh\public</Filter>
    </ClInclude>
    <ClInclude Include="Mesh.h">
      <Filter>Source Files\framework\graphics\mesh\public</Filter>
    </ClInclude>
  </ItemGroup>
  <ItemGroup>
    <None Include="Triangle.vert">
      <Filter>Resource Files</Filter>
    </None>
    <None Include="Triangle.frag">
      <Filter>Resource Files</Filter>
    </None>
    <None Include="BasicShader.vert">
      <Filter>Resource Files</Filter>
    </None>
    <None Include="BasicShader.frag">
      <Filter>Resource Files</Filter>
    </None>
    <None Include="BasicShaderVert.spv">
      <Filter>Resource Files</Filter>
    </None>
    <None Include="BasicShaderFrag.spv">
      <Filter>Resource Files</Filter>
    </None>
    <None Include="pattern_02_bc2.ktx">
      <Filter>Resource Files</Filter>
    </None>
  </ItemGroup>
</Project>